
Microsoft Visual Studio Solution File, Format Version 12.00
# Visual Studio Version 16
VisualStudioVersion = 16.0.31702.278
MinimumVisualStudioVersion = 10.0.40219.1
Project("{9A19103F-16F7-4668-BE54-9A1E7A4F7556}") = "OpenhackFY22", "FunctionApp1\OpenhackFY22.csproj", "{A60C8B8E-652E-431E-B152-59A781D1A078}"
EndProject
Project("{FAE04EC0-301F-11D3-BF4B-00C04F79EFBC}") = "IceCreamAPI", "IceCreamAPI\IceCreamAPI.csproj", "{2A01EF73-84DA-45FA-835A-5A82420D5AF7}"
EndProject
Global
	GlobalSection(SolutionConfigurationPlatforms) = preSolution
		Debug|Any CPU = Debug|Any CPU
		Release|Any CPU = Release|Any CPU
	EndGlobalSection
	GlobalSection(ProjectConfigurationPlatforms) = postSolution
		{A60C8B8E-652E-431E-B152-59A781D1A078}.Debug|Any CPU.ActiveCfg = Debug|Any CPU
		{A60C8B8E-652E-431E-B152-59A781D1A078}.Debug|Any CPU.Build.0 = Debug|Any CPU
		{A60C8B8E-652E-431E-B152-59A781D1A078}.Release|Any CPU.ActiveCfg = Release|Any CPU
		{A60C8B8E-652E-431E-B152-59A781D1A078}.Release|Any CPU.Build.0 = Release|Any CPU
		{2A01EF73-84DA-45FA-835A-5A82420D5AF7}.Debug|Any CPU.ActiveCfg = Debug|Any CPU
		{2A01EF73-84DA-45FA-835A-5A82420D5AF7}.Debug|Any CPU.Build.0 = Debug|Any CPU
		{2A01EF73-84DA-45FA-835A-5A82420D5AF7}.Release|Any CPU.ActiveCfg = Release|Any CPU
		{2A01EF73-84DA-45FA-835A-5A82420D5AF7}.Release|Any CPU.Build.0 = Release|Any CPU
	EndGlobalSection
	GlobalSection(SolutionProperties) = preSolution
		HideSolutionNode = FALSE
	EndGlobalSection
	GlobalSection(ExtensibilityGlobals) = postSolution
		SolutionGuid = {100005DB-4E0E-4CF7-A54C-4BE10B1E1694}
	EndGlobalSection
EndGlobal
